<Solution>
  <Folder Name="/enb-ini-parser/">
    <Project Path="enb-ini-parser/EnB Ini Parser.csproj" />
  </Folder>
  <Folder Name="/toolspatcher/">
    <Project Path="toolspatcher/ToolsPatcher.csproj" />
  </Folder>
  <Folder Name="/enbpatcher/">
    <Project Path="enbpatcher/EnbPatcher.csproj" />
  </Folder>
  <Folder Name="/commontools/">
    <Project Path="commontools/CommonTools.csproj" />
  </Folder>
  <Folder Name="/dataimport/">
    <Project Path="dataimport/DataImport.csproj" />
  </Folder>
  <Folder Name="/LaunchFreya/">
    <Project Path="LaunchFreya/LaunchFreya.csproj" />
    <Project Path="LaunchFreya.Tests/LaunchFreya.Tests.csproj" />
  </Folder>
  <Folder Name="/faction-editor/">
    <Project Path="faction-editor/FactionEditor.csproj" />
  </Folder>
  <Folder Name="/mob-editor/">
    <Project Path="mob-editor/MobEditor.csproj" />
  </Folder>
  <Folder Name="/talktreeeditor/">
    <Project Path="talktreeeditor/TalkTreeEditor.csproj" />
  </Folder>
  <Folder Name="/toolslauncher/">
    <Project Path="toolslauncher/ToolsLauncher.csproj" />
  </Folder>
  <Folder Name="/effect-editor/">
    <Project Path="effect-editor/EffectEditor.csproj" />
  </Folder>
  <Folder Name="/station-tools/">
    <Project Path="station-tools/StationTools.csproj" />
  </Folder>
  <Folder Name="/missioneditor/">
    <Project Path="missioneditor/MissionEditor.csproj" />
  </Folder>
  <Folder Name="/sector-editor/">
    <Project Path="sector-editor/SectorEditor.csproj" />
  </Folder>
  <Folder Name="/w3d-parser/">
    <Project Path="w3d-parser/W3d Parser.csproj" />
  </Folder>
  <Folder Name="/cli-client/">
    <Project Path="../freya/cli-client/src/CliClient.Core/CliClient.Core.csproj" />
    <Project Path="../freya/cli-client/src/CliClient.App/CliClient.App.csproj" />
    <Project Path="../freya/cli-client/tests/CliClient.UnitTests/CliClient.UnitTests.csproj" />
  </Folder>
</Solution>
